// !$*UTF8*$!
{
	archiveVersion = 1;
	classes = {
	};
	objectVersion = 54;
	objects = {

/* Begin PBXBuildFile section */
		"262059B3-3CC0-4933-8698-E4F35E98669E" /* ofxToggle.cpp in Sources */ = {isa = PBXBuildFile; fileRef = "0B8EBDCC-3DCF-47EF-8C31-55F7D682E09E" /* ofxToggle.cpp */; };
		"6251F8A3-3510-435A-B658-84EE741B4D41" /* ofxSlider.cpp in Sources */ = {isa = PBXBuildFile; fileRef = "B9DE7F00-486E-42E5-AAFD-1A0FFC8C0598" /* ofxSlider.cpp */; };
		"62B9D4E9-42A0-4582-87B6-E8A800A7C0AD" /* ofxPanel.cpp in Sources */ = {isa = PBXBuildFile; fileRef = "36C7985E-97F1-45E5-873E-C3BAC7078528" /* ofxPanel.cpp */; };
		"88A3E476-B4D7-4C41-A542-75D486662E29" /* ofxInputField.cpp in Sources */ = {isa = PBXBuildFile; fileRef = "259C8873-A763-42EA-ACE6-38430D9A2A06" /* ofxInputField.cpp */; };
		"94060B98-6255-4368-AC14-211C31626C54" /* ofxColorPicker.cpp in Sources */ = {isa = PBXBuildFile; fileRef = "AA615BCB-A55F-4824-B7AC-DEF996A10039" /* ofxColorPicker.cpp */; };
		"A5DFF9FC-8CAD-43B0-A60C-4EFA2F08C6F7" /* ofxGuiGroup.cpp in Sources */ = {isa = PBXBuildFile; fileRef = "528C671E-0C9B-42C1-9D68-7C400C705DE1" /* ofxGuiGroup.cpp */; };
		BEF317902AD733AE006B7E70 /* Circle.cpp in Sources */ = {isa = PBXBuildFile; fileRef = BEF3178E2AD733AE006B7E70 /* Circle.cpp */; };
		"D6C68A77-028C-49F7-8426-4ECD4401ECF3" /* ofxLabel.cpp in Sources */ = {isa = PBXBuildFile; fileRef = "DE40B7E6-ACDF-4D87-B088-C78239C6A1CA" /* ofxLabel.cpp */; };
		E4B69E200A3A1BDC003C02F2 /* main.cpp in Sources */ = {isa = PBXBuildFile; fileRef = E4B69E1D0A3A1BDC003C02F2 /* main.cpp */; };
		E4B69E210A3A1BDC003C02F2 /* ofApp.cpp in Sources */ = {isa = PBXBuildFile; fileRef = E4B69E1E0A3A1BDC003C02F2 /* ofApp.cpp */; };
		"E5345964-690B-4D27-98F7-CBF2759E88A3" /* ofxSliderGroup.cpp in Sources */ = {isa = PBXBuildFile; fileRef = "C72C7758-B86B-4A0C-AB04-0605C47A4056" /* ofxSliderGroup.cpp */; };
		"E5A60055-E3F2-4475-9432-667418890C2C" /* ofxBaseGui.cpp in Sources */ = {isa = PBXBuildFile; fileRef = "A607A630-39C9-418C-AA3B-1F5E41434014" /* ofxBaseGui.cpp */; };
		"FAEB4A67-E497-40EF-B534-A3FB207DFA7D" /* ofxButton.cpp in Sources */ = {isa = PBXBuildFile; fileRef = "443EF753-2A7B-4D78-B065-C200C45A405F" /* ofxButton.cpp */; };
/* End PBXBuildFile section */

/* Begin PBXCopyFilesBuildPhase section */
		E4A5B60F29BAAAE400C2D356 /* CopyFiles */ = {
			isa = PBXCopyFilesBuildPhase;
			buildActionMask = 2147483647;
			dstPath = "";
			dstSubfolderSpec = 6;
			files = (
			);
			runOnlyForDeploymentPostprocessing = 0;
		};
		E4C2427710CC5ABF004149E2 /* CopyFiles */ = {
			isa = PBXCopyFilesBuildPhase;
			buildActionMask = 2147483647;
			dstPath = "";
			dstSubfolderSpec = 10;
			files = (
			);
			runOnlyForDeploymentPostprocessing = 0;
		};
/* End PBXCopyFilesBuildPhase section */

/* Begin PBXFileReference section */
		"0B8EBDCC-3DCF-47EF-8C31-55F7D682E09E" /* ofxToggle.cpp */ = {isa = PBXFileReference; explicitFileType = sourcecode.cpp.cpp; fileEncoding = 4; name = ofxToggle.cpp; path = ../../../addons/ofxGui/src/ofxToggle.cpp; sourceTree = SOURCE_ROOT; };
		191CD6FA2847E21E0085CBB6 /* of.entitlements */ = {isa = PBXFileReference; fileEncoding = 4; lastKnownFileType = text.plist.entitlements; path = of.entitlements; sourceTree = "<group>"; };
		191EF70929D778A400F35F26 /* openFrameworks */ = {isa = PBXFileReference; lastKnownFileType = folder; name = openFrameworks; path = ../../../libs/openFrameworks; sourceTree = SOURCE_ROOT; };
		"259C8873-A763-42EA-ACE6-38430D9A2A06" /* ofxInputField.cpp */ = {isa = PBXFileReference; explicitFileType = sourcecode.cpp.cpp; fileEncoding = 4; name = ofxInputField.cpp; path = ../../../addons/ofxGui/src/ofxInputField.cpp; sourceTree = SOURCE_ROOT; };
		"2B44F44D-77C0-4776-B3A6-E494532D1F61" /* ofxButton.h */ = {isa = PBXFileReference; explicitFileType = sourcecode.c.h; fileEncoding = 4; name = ofxButton.h; path = ../../../addons/ofxGui/src/ofxButton.h; sourceTree = SOURCE_ROOT; };
		"331FBA41-6BE4-438C-BF95-B7F4F269D359" /* ofxSliderGroup.h */ = {isa = PBXFileReference; explicitFileType = sourcecode.c.h; fileEncoding = 4; name = ofxSliderGroup.h; path = ../../../addons/ofxGui/src/ofxSliderGroup.h; sourceTree = SOURCE_ROOT; };
		"347653A4-AA74-48A0-85EB-E94FC3E3A916" /* ofxToggle.h */ = {isa = PBXFileReference; explicitFileType = sourcecode.c.h; fileEncoding = 4; name = ofxToggle.h; path = ../../../addons/ofxGui/src/ofxToggle.h; sourceTree = SOURCE_ROOT; };
		"36C7985E-97F1-45E5-873E-C3BAC7078528" /* ofxPanel.cpp */ = {isa = PBXFileReference; explicitFileType = sourcecode.cpp.cpp; fileEncoding = 4; name = ofxPanel.cpp; path = ../../../addons/ofxGui/src/ofxPanel.cpp; sourceTree = SOURCE_ROOT; };
		"380A54ED-6E63-4A34-B4B4-CF1D98AD6C61" /* ofxColorPicker.h */ = {isa = PBXFileReference; explicitFileType = sourcecode.c.h; fileEncoding = 4; name = ofxColorPicker.h; path = ../../../addons/ofxGui/src/ofxColorPicker.h; sourceTree = SOURCE_ROOT; };
		"443EF753-2A7B-4D78-B065-C200C45A405F" /* ofxButton.cpp */ = {isa = PBXFileReference; explicitFileType = sourcecode.cpp.cpp; fileEncoding = 4; name = ofxButton.cpp; path = ../../../addons/ofxGui/src/ofxButton.cpp; sourceTree = SOURCE_ROOT; };
		"528C671E-0C9B-42C1-9D68-7C400C705DE1" /* ofxGuiGroup.cpp */ = {isa = PBXFileReference; explicitFileType = sourcecode.cpp.cpp; fileEncoding = 4; name = ofxGuiGroup.cpp; path = ../../../addons/ofxGui/src/ofxGuiGroup.cpp; sourceTree = SOURCE_ROOT; };
		"5BD757B0-D133-4784-ACFC-BA9F62F67EC1" /* ofxGui.h */ = {isa = PBXFileReference; explicitFileType = sourcecode.c.h; fileEncoding = 4; name = ofxGui.h; path = ../../../addons/ofxGui/src/ofxGui.h; sourceTree = SOURCE_ROOT; };
		"6AFD3F3D-5DAF-46C1-8CB9-8E9D893273FE" /* ofxGuiUtils.h */ = {isa = PBXFileReference; explicitFileType = sourcecode.c.h; fileEncoding = 4; name = ofxGuiUtils.h; path = ../../../addons/ofxGui/src/ofxGuiUtils.h; sourceTree = SOURCE_ROOT; };
		"7029293B-1631-4650-BE36-B09CF2B3AD17" /* ofxBaseGui.h */ = {isa = PBXFileReference; explicitFileType = sourcecode.c.h; fileEncoding = 4; name = ofxBaseGui.h; path = ../../../addons/ofxGui/src/ofxBaseGui.h; sourceTree = SOURCE_ROOT; };
		"A607A630-39C9-418C-AA3B-1F5E41434014" /* ofxBaseGui.cpp */ = {isa = PBXFileReference; explicitFileType = sourcecode.cpp.cpp; fileEncoding = 4; name = ofxBaseGui.cpp; path = ../../../addons/ofxGui/src/ofxBaseGui.cpp; sourceTree = SOURCE_ROOT; };
		"AA615BCB-A55F-4824-B7AC-DEF996A10039" /* ofxColorPicker.cpp */ = {isa = PBXFileReference; explicitFileType = sourcecode.cpp.cpp; fileEncoding = 4; name = ofxColorPicker.cpp; path = ../../../addons/ofxGui/src/ofxColorPicker.cpp; sourceTree = SOURCE_ROOT; };
		"B9DE7F00-486E-42E5-AAFD-1A0FFC8C0598" /* ofxSlider.cpp */ = {isa = PBXFileReference; explicitFileType = sourcecode.cpp.cpp; fileEncoding = 4; name = ofxSlider.cpp; path = ../../../addons/ofxGui/src/ofxSlider.cpp; sourceTree = SOURCE_ROOT; };
		BEF3178E2AD733AE006B7E70 /* Circle.cpp */ = {isa = PBXFileReference; lastKnownFileType = sourcecode.cpp.cpp; path = Circle.cpp; sourceTree = "<group>"; };
		BEF3178F2AD733AE006B7E70 /* Circle.hpp */ = {isa = PBXFileReference; lastKnownFileType = sourcecode.cpp.h; path = Circle.hpp; sourceTree = "<group>"; };
		"C510B796-BE71-4E45-A71E-893FE11E99BC" /* ofxGuiGroup.h */ = {isa = PBXFileReference; explicitFileType = sourcecode.c.h; fileEncoding = 4; name = ofxGuiGroup.h; path = ../../../addons/ofxGui/src/ofxGuiGroup.h; sourceTree = SOURCE_ROOT; };
		"C72C7758-B86B-4A0C-AB04-0605C47A4056" /* ofxSliderGroup.cpp */ = {isa = PBXFileReference; explicitFileType = sourcecode.cpp.cpp; fileEncoding = 4; name = ofxSliderGroup.cpp; path = ../../../addons/ofxGui/src/ofxSliderGroup.cpp; sourceTree = SOURCE_ROOT; };
		"CC0A91C1-C3D3-48BE-ACA6-8C05C1BC4A29" /* ofxLabel.h */ = {isa = PBXFileReference; explicitFileType = sourcecode.c.h; fileEncoding = 4; name = ofxLabel.h; path = ../../../addons/ofxGui/src/ofxLabel.h; sourceTree = SOURCE_ROOT; };
		"D0EF3CF0-0D7A-4D6E-9D6D-A940F7C3C0FC" /* ofxSlider.h */ = {isa = PBXFileReference; explicitFileType = sourcecode.c.h; fileEncoding = 4; name = ofxSlider.h; path = ../../../addons/ofxGui/src/ofxSlider.h; sourceTree = SOURCE_ROOT; };
		"DE40B7E6-ACDF-4D87-B088-C78239C6A1CA" /* ofxLabel.cpp */ = {isa = PBXFileReference; explicitFileType = sourcecode.cpp.cpp; fileEncoding = 4; name = ofxLabel.cpp; path = ../../../addons/ofxGui/src/ofxLabel.cpp; sourceTree = SOURCE_ROOT; };
		E4B69B5B0A3A1756003C02F2 /* 018_ofParameterDebug.app */ = {isa = PBXFileReference; explicitFileType = wrapper.application; includeInIndex = 0; path = 018_ofParameterDebug.app; sourceTree = BUILT_PRODUCTS_DIR; };
		E4B69E1D0A3A1BDC003C02F2 /* main.cpp */ = {isa = PBXFileReference; fileEncoding = 4; lastKnownFileType = sourcecode.cpp.cpp; name = main.cpp; path = src/main.cpp; sourceTree = SOURCE_ROOT; };
		E4B69E1E0A3A1BDC003C02F2 /* ofApp.cpp */ = {isa = PBXFileReference; explicitFileType = sourcecode.cpp.cpp; fileEncoding = 4; name = ofApp.cpp; path = src/ofApp.cpp; sourceTree = SOURCE_ROOT; };
		E4B69E1F0A3A1BDC003C02F2 /* ofApp.h */ = {isa = PBXFileReference; fileEncoding = 4; lastKnownFileType = sourcecode.c.h; name = ofApp.h; path = src/ofApp.h; sourceTree = SOURCE_ROOT; };
		E4B6FCAD0C3E899E008CF71C /* openFrameworks-Info.plist */ = {isa = PBXFileReference; fileEncoding = 4; lastKnownFileType = text.plist.xml; path = "openFrameworks-Info.plist"; sourceTree = "<group>"; };
		E4EB6923138AFD0F00A09F29 /* Project.xcconfig */ = {isa = PBXFileReference; fileEncoding = 4; lastKnownFileType = text.xcconfig; path = Project.xcconfig; sourceTree = "<group>"; };
		"F3D0B20F-979F-491A-8160-A8EE31B22CF6" /* ofxInputField.h */ = {isa = PBXFileReference; explicitFileType = sourcecode.c.h; fileEncoding = 4; name = ofxInputField.h; path = ../../../addons/ofxGui/src/ofxInputField.h; sourceTree = SOURCE_ROOT; };
		"FCED3F17-6580-4D6A-AEBE-0831CA26E298" /* ofxPanel.h */ = {isa = PBXFileReference; explicitFileType = sourcecode.c.h; fileEncoding = 4; name = ofxPanel.h; path = ../../../addons/ofxGui/src/ofxPanel.h; sourceTree = SOURCE_ROOT; };
/* End PBXFileReference section */

/* Begin PBXFrameworksBuildPhase section */
		E4B69B590A3A1756003C02F2 /* Frameworks */ = {
			isa = PBXFrameworksBuildPhase;
			buildActionMask = 2147483647;
			files = (
			);
			runOnlyForDeploymentPostprocessing = 0;
		};
/* End PBXFrameworksBuildPhase section */

/* Begin PBXGroup section */
		"8AA66E0A-DAA8-4E76-B368-2BDC86852A5F" /* ofxGui */ = {
			isa = PBXGroup;
			children = (
				"BB6C5606-7AAB-4E69-83A6-F4504CAFA2CE" /* src */,
			);
			name = ofxGui;
			path = ../../../addons/ofxGui;
			sourceTree = SOURCE_ROOT;
		};
		BB4B014C10F69532006C3DED /* addons */ = {
			isa = PBXGroup;
			children = (
				"8AA66E0A-DAA8-4E76-B368-2BDC86852A5F" /* ofxGui */,
			);
			name = addons;
			path = ../../../addons;
			sourceTree = "<group>";
		};
		"BB6C5606-7AAB-4E69-83A6-F4504CAFA2CE" /* src */ = {
			isa = PBXGroup;
			children = (
				"A607A630-39C9-418C-AA3B-1F5E41434014" /* ofxBaseGui.cpp */,
				"7029293B-1631-4650-BE36-B09CF2B3AD17" /* ofxBaseGui.h */,
				"443EF753-2A7B-4D78-B065-C200C45A405F" /* ofxButton.cpp */,
				"2B44F44D-77C0-4776-B3A6-E494532D1F61" /* ofxButton.h */,
				"AA615BCB-A55F-4824-B7AC-DEF996A10039" /* ofxColorPicker.cpp */,
				"380A54ED-6E63-4A34-B4B4-CF1D98AD6C61" /* ofxColorPicker.h */,
				"5BD757B0-D133-4784-ACFC-BA9F62F67EC1" /* ofxGui.h */,
				"528C671E-0C9B-42C1-9D68-7C400C705DE1" /* ofxGuiGroup.cpp */,
				"C510B796-BE71-4E45-A71E-893FE11E99BC" /* ofxGuiGroup.h */,
				"6AFD3F3D-5DAF-46C1-8CB9-8E9D893273FE" /* ofxGuiUtils.h */,
				"259C8873-A763-42EA-ACE6-38430D9A2A06" /* ofxInputField.cpp */,
				"F3D0B20F-979F-491A-8160-A8EE31B22CF6" /* ofxInputField.h */,
				"DE40B7E6-ACDF-4D87-B088-C78239C6A1CA" /* ofxLabel.cpp */,
				"CC0A91C1-C3D3-48BE-ACA6-8C05C1BC4A29" /* ofxLabel.h */,
				"36C7985E-97F1-45E5-873E-C3BAC7078528" /* ofxPanel.cpp */,
				"FCED3F17-6580-4D6A-AEBE-0831CA26E298" /* ofxPanel.h */,
				"B9DE7F00-486E-42E5-AAFD-1A0FFC8C0598" /* ofxSlider.cpp */,
				"D0EF3CF0-0D7A-4D6E-9D6D-A940F7C3C0FC" /* ofxSlider.h */,
				"C72C7758-B86B-4A0C-AB04-0605C47A4056" /* ofxSliderGroup.cpp */,
				"331FBA41-6BE4-438C-BF95-B7F4F269D359" /* ofxSliderGroup.h */,
				"0B8EBDCC-3DCF-47EF-8C31-55F7D682E09E" /* ofxToggle.cpp */,
				"347653A4-AA74-48A0-85EB-E94FC3E3A916" /* ofxToggle.h */,
			);
			name = src;
			path = ../../../addons/ofxGui/src;
			sourceTree = SOURCE_ROOT;
		};
		E4B69B4A0A3A1720003C02F2 = {
			isa = PBXGroup;
			children = (
				191CD6FA2847E21E0085CBB6 /* of.entitlements */,
				E4B6FCAD0C3E899E008CF71C /* openFrameworks-Info.plist */,
				E4EB6923138AFD0F00A09F29 /* Project.xcconfig */,
				E4B69E1C0A3A1BDC003C02F2 /* src */,
				191EF70929D778A400F35F26 /* openFrameworks */,
				BB4B014C10F69532006C3DED /* addons */,
				E4B69B5B0A3A1756003C02F2 /* 018_ofParameterDebug.app */,
			);
			sourceTree = "<group>";
		};
		E4B69E1C0A3A1BDC003C02F2 /* src */ = {
			isa = PBXGroup;
			children = (
				E4B69E1D0A3A1BDC003C02F2 /* main.cpp */,
				E4B69E1E0A3A1BDC003C02F2 /* ofApp.cpp */,
				E4B69E1F0A3A1BDC003C02F2 /* ofApp.h */,
				BEF3178E2AD733AE006B7E70 /* Circle.cpp */,
				BEF3178F2AD733AE006B7E70 /* Circle.hpp */,
			);
			path = src;
			sourceTree = SOURCE_ROOT;
		};
/* End PBXGroup section */

/* Begin PBXNativeTarget section */
		E4B69B5A0A3A1756003C02F2 /* 018_ofParameter */ = {
			isa = PBXNativeTarget;
			buildConfigurationList = E4B69B5F0A3A1757003C02F2 /* Build configuration list for PBXNativeTarget "018_ofParameter" */;
			buildPhases = (
				E42962A92163ECCD00A6A9E2 /* Run Script — Compile OF */,
				E4B69B580A3A1756003C02F2 /* Sources */,
				E4B69B590A3A1756003C02F2 /* Frameworks */,
				E4C2427710CC5ABF004149E2 /* CopyFiles */,
				E4A5B60F29BAAAE400C2D356 /* CopyFiles */,
				19B789C429E5AB4A0082E9B8 /* ShellScript */,
			);
			buildRules = (
			);
			dependencies = (
			);
			name = 018_ofParameter;
			productName = myOFApp;
			productReference = E4B69B5B0A3A1756003C02F2 /* 018_ofParameterDebug.app */;
			productType = "com.apple.product-type.application";
		};
/* End PBXNativeTarget section */

/* Begin PBXProject section */
		E4B69B4C0A3A1720003C02F2 /* Project object */ = {
			isa = PBXProject;
			attributes = {
				LastUpgradeCheck = 0600;
			};
			buildConfigurationList = E4B69B4D0A3A1720003C02F2 /* Build configuration list for PBXProject "018_ofParameter" */;
			compatibilityVersion = "Xcode 3.2";
			developmentRegion = en;
			hasScannedForEncodings = 0;
			knownRegions = (
				en,
				Base,
			);
			mainGroup = E4B69B4A0A3A1720003C02F2;
			productRefGroup = E4B69B4A0A3A1720003C02F2;
			projectDirPath = "";
			projectRoot = "";
			targets = (
				E4B69B5A0A3A1756003C02F2 /* 018_ofParameter */,
			);
		};
/* End PBXProject section */

/* Begin PBXShellScriptBuildPhase section */
		19B789C429E5AB4A0082E9B8 /* ShellScript */ = {
			isa = PBXShellScriptBuildPhase;
			buildActionMask = 2147483647;
			files = (
			);
			inputFileListPaths = (
			);
			inputPaths = (
			);
			outputFileListPaths = (
			);
			outputPaths = (
			);
			runOnlyForDeploymentPostprocessing = 0;
			shellPath = /bin/sh;
			shellScript = "\"$OF_PATH/scripts/osx/xcode_project.sh\"\n";
			showEnvVarsInLog = 0;
		};
		E42962A92163ECCD00A6A9E2 /* Run Script — Compile OF */ = {
			isa = PBXShellScriptBuildPhase;
			alwaysOutOfDate = 1;
			buildActionMask = 2147483647;
			files = (
			);
			inputPaths = (
			);
			name = "Run Script — Compile OF";
			outputPaths = (
			);
			runOnlyForDeploymentPostprocessing = 0;
			shellPath = /bin/sh;
			shellScript = "echo \"💾 Compiling Openframeworks\"\nxcodebuild -project \"$OF_PATH/libs/openFrameworksCompiled/project/osx/openFrameworksLib.xcodeproj\" -target openFrameworks -configuration \"${CONFIGURATION}\"  CLANG_CXX_LANGUAGE_STANDARD=$CLANG_CXX_LANGUAGE_STANDARD MACOSX_DEPLOYMENT_TARGET=$MACOSX_DEPLOYMENT_TARGET GCC_PREPROCESSOR_DEFINITIONS=$USER_PREPROCESSOR_DEFINITIONS\n";
			showEnvVarsInLog = 0;
		};
/* End PBXShellScriptBuildPhase section */

/* Begin PBXSourcesBuildPhase section */
		E4B69B580A3A1756003C02F2 /* Sources */ = {
			isa = PBXSourcesBuildPhase;
			buildActionMask = 2147483647;
			files = (
				E4B69E200A3A1BDC003C02F2 /* main.cpp in Sources */,
				E4B69E210A3A1BDC003C02F2 /* ofApp.cpp in Sources */,
				"E5A60055-E3F2-4475-9432-667418890C2C" /* ofxBaseGui.cpp in Sources */,
				"FAEB4A67-E497-40EF-B534-A3FB207DFA7D" /* ofxButton.cpp in Sources */,
				"94060B98-6255-4368-AC14-211C31626C54" /* ofxColorPicker.cpp in Sources */,
				"A5DFF9FC-8CAD-43B0-A60C-4EFA2F08C6F7" /* ofxGuiGroup.cpp in Sources */,
				"88A3E476-B4D7-4C41-A542-75D486662E29" /* ofxInputField.cpp in Sources */,
				BEF317902AD733AE006B7E70 /* Circle.cpp in Sources */,
				"D6C68A77-028C-49F7-8426-4ECD4401ECF3" /* ofxLabel.cpp in Sources */,
				"62B9D4E9-42A0-4582-87B6-E8A800A7C0AD" /* ofxPanel.cpp in Sources */,
				"6251F8A3-3510-435A-B658-84EE741B4D41" /* ofxSlider.cpp in Sources */,
				"E5345964-690B-4D27-98F7-CBF2759E88A3" /* ofxSliderGroup.cpp in Sources */,
				"262059B3-3CC0-4933-8698-E4F35E98669E" /* ofxToggle.cpp in Sources */,
			);
			runOnlyForDeploymentPostprocessing = 0;
		};
/* End PBXSourcesBuildPhase section */

/* Begin XCBuildConfiguration section */
		E4B69B4E0A3A1720003C02F2 /* Debug */ = {
			isa = XCBuildConfiguration;
			baseConfigurationReference = E4EB6923138AFD0F00A09F29 /* Project.xcconfig */;
			buildSettings = {
				CODE_SIGN_ENTITLEMENTS = of.entitlements;
				COPY_PHASE_STRIP = NO;
				ENABLE_TESTABILITY = YES;
				GCC_OPTIMIZATION_LEVEL = 0;
				GCC_WARN_UNUSED_VARIABLE = NO;
				HEADER_SEARCH_PATHS = (
					"$(OF_CORE_HEADERS)",
					src,
				);
				OTHER_CPLUSPLUSFLAGS = "-D__MACOSX_CORE__";
			};
			name = Debug;
		};
		E4B69B4F0A3A1720003C02F2 /* Release */ = {
			isa = XCBuildConfiguration;
			baseConfigurationReference = E4EB6923138AFD0F00A09F29 /* Project.xcconfig */;
			buildSettings = {
				CODE_SIGN_ENTITLEMENTS = of.entitlements;
				COPY_PHASE_STRIP = YES;
				GCC_OPTIMIZATION_LEVEL = 3;
				GCC_UNROLL_LOOPS = YES;
				HEADER_SEARCH_PATHS = (
					"$(OF_CORE_HEADERS)",
					src,
				);
				OTHER_CPLUSPLUSFLAGS = "-D__MACOSX_CORE__";
			};
			name = Release;
		};
		E4B69B600A3A1757003C02F2 /* Debug */ = {
			isa = XCBuildConfiguration;
			baseConfigurationReference = E4EB6923138AFD0F00A09F29 /* Project.xcconfig */;
			buildSettings = {
				ARCHS = "$(ARCHS_STANDARD)";
				COPY_PHASE_STRIP = NO;
				FRAMEWORK_SEARCH_PATHS = "$(inherited)";
				GCC_DYNAMIC_NO_PIC = NO;
				HEADER_SEARCH_PATHS = (
					"$(OF_CORE_HEADERS)",
					src,
					src,
					../../../addons/ofxGui/src,
				);
				LIBRARY_SEARCH_PATHS = "$(inherited)";
				OTHER_LDFLAGS = (
					"$(OF_CORE_LIBS)",
					"$(OF_CORE_FRAMEWORKS)",
					"$(LIB_OF_DEBUG)",
				);
			};
			name = Debug;
		};
		E4B69B610A3A1757003C02F2 /* Release */ = {
			isa = XCBuildConfiguration;
			baseConfigurationReference = E4EB6923138AFD0F00A09F29 /* Project.xcconfig */;
			buildSettings = {
				ARCHS = "$(ARCHS_STANDARD)";
				COPY_PHASE_STRIP = YES;
				FRAMEWORK_SEARCH_PATHS = "$(inherited)";
				HEADER_SEARCH_PATHS = (
					"$(OF_CORE_HEADERS)",
					src,
					src,
					../../../addons/ofxGui/src,
				);
				LIBRARY_SEARCH_PATHS = "$(inherited)";
				OTHER_LDFLAGS = (
					"$(OF_CORE_LIBS)",
					"$(OF_CORE_FRAMEWORKS)",
					"$(LIB_OF)",
				);
				baseConfigurationReference = E4EB6923138AFD0F00A09F29;
			};
			name = Release;
		};
/* End XCBuildConfiguration section */

/* Begin XCConfigurationList section */
		E4B69B4D0A3A1720003C02F2 /* Build configuration list for PBXProject "018_ofParameter" */ = {
			isa = XCConfigurationList;
			buildConfigurations = (
				E4B69B4E0A3A1720003C02F2 /* Debug */,
				E4B69B4F0A3A1720003C02F2 /* Release */,
			);
			defaultConfigurationIsVisible = 0;
			defaultConfigurationName = Release;
		};
		E4B69B5F0A3A1757003C02F2 /* Build configuration list for PBXNativeTarget "018_ofParameter" */ = {
			isa = XCConfigurationList;
			buildConfigurations = (
				E4B69B600A3A1757003C02F2 /* Debug */,
				E4B69B610A3A1757003C02F2 /* Release */,
			);
			defaultConfigurationIsVisible = 0;
			defaultConfigurationName = Release;
		};
/* End XCConfigurationList section */
	};
	rootObject = E4B69B4C0A3A1720003C02F2 /* Project object */;
}
